
Microsoft Visual Studio Solution File, Format Version 12.00
# Visual Studio Version 16
VisualStudioVersion = 16.0.31702.278
MinimumVisualStudioVersion = 10.0.40219.1
Project("{8BC9CEB8-8B4A-11D0-8D11-00A0C91BC942}") = "ImageResizingASM", "ImageResizingASM\ImageResizingASM.vcxproj", "{36A951DD-5ED4-47BC-A335-7536158EB01A}"
EndProject
Project("{9A19103F-16F7-4668-BE54-9A1E7A4F7556}") = "ImageResizing", "ImageResizing\ImageResizing.csproj", "{6B861F27-24F2-4D88-BC79-F09799328469}"
	ProjectSection(ProjectDependencies) = postProject
		{36A951DD-5ED4-47BC-A335-7536158EB01A} = {36A951DD-5ED4-47BC-A335-7536158EB01A}
	EndProjectSection
EndProject
Global
	GlobalSection(SolutionConfigurationPlatforms) = preSolution
		Debug|Any CPU = Debug|Any CPU
		Debug|x64 = Debug|x64
		Debug|x86 = Debug|x86
		Release|Any CPU = Release|Any CPU
		Release|x64 = Release|x64
		Release|x86 = Release|x86
	EndGlobalSection
	GlobalSection(ProjectConfigurationPlatforms) = postSolution
		{36A951DD-5ED4-47BC-A335-7536158EB01A}.Debug|Any CPU.ActiveCfg = Debug|Win32
		{36A951DD-5ED4-47BC-A335-7536158EB01A}.Debug|x64.ActiveCfg = Debug|x64
		{36A951DD-5ED4-47BC-A335-7536158EB01A}.Debug|x64.Build.0 = Debug|x64
		{36A951DD-5ED4-47BC-A335-7536158EB01A}.Debug|x86.ActiveCfg = Debug|Win32
		{36A951DD-5ED4-47BC-A335-7536158EB01A}.Debug|x86.Build.0 = Debug|Win32
		{36A951DD-5ED4-47BC-A335-7536158EB01A}.Release|Any CPU.ActiveCfg = Release|Win32
		{36A951DD-5ED4-47BC-A335-7536158EB01A}.Release|x64.ActiveCfg = Release|x64
		{36A951DD-5ED4-47BC-A335-7536158EB01A}.Release|x64.Build.0 = Release|x64
		{36A951DD-5ED4-47BC-A335-7536158EB01A}.Release|x86.ActiveCfg = Release|Win32
		{36A951DD-5ED4-47BC-A335-7536158EB01A}.Release|x86.Build.0 = Release|Win32
		{6B861F27-24F2-4D88-BC79-F09799328469}.Debug|Any CPU.ActiveCfg = Debug|Any CPU
		{6B861F27-24F2-4D88-BC79-F09799328469}.Debug|Any CPU.Build.0 = Debug|Any CPU
		{6B861F27-24F2-4D88-BC79-F09799328469}.Debug|x64.ActiveCfg = Debug|x64
		{6B861F27-24F2-4D88-BC79-F09799328469}.Debug|x64.Build.0 = Debug|x64
		{6B861F27-24F2-4D88-BC79-F09799328469}.Debug|x86.ActiveCfg = Debug|Any CPU
		{6B861F27-24F2-4D88-BC79-F09799328469}.Debug|x86.Build.0 = Debug|Any CPU
		{6B861F27-24F2-4D88-BC79-F09799328469}.Release|Any CPU.ActiveCfg = Release|Any CPU
		{6B861F27-24F2-4D88-BC79-F09799328469}.Release|Any CPU.Build.0 = Release|Any CPU
		{6B861F27-24F2-4D88-BC79-F09799328469}.Release|x64.ActiveCfg = Release|x64
		{6B861F27-24F2-4D88-BC79-F09799328469}.Release|x64.Build.0 = Release|x64
		{6B861F27-24F2-4D88-BC79-F09799328469}.Release|x86.ActiveCfg = Release|Any CPU
		{6B861F27-24F2-4D88-BC79-F09799328469}.Release|x86.Build.0 = Release|Any CPU
	EndGlobalSection
	GlobalSection(SolutionProperties) = preSolution
		HideSolutionNode = FALSE
	EndGlobalSection
	GlobalSection(ExtensibilityGlobals) = postSolution
		SolutionGuid = {A7DA3459-22E4-46C9-B1A8-64EC11C365AF}
	EndGlobalSection
EndGlobal
